// !$*UTF8*$!
{
	archiveVersion = 1;
	classes = {
	};
	objectVersion = 77;
	objects = {

/* Begin PBXFileReference section */
		CD6DA46C2E64C9F400931348 /* File.swift */ = {isa = PBXFileReference; lastKnownFileType = sourcecode.swift; path = File.swift; sourceTree = "<group>"; };
/* End PBXFileReference section */

/* Begin PBXGroup section */
		CD6DA4652E64C9DC00931348 = {
			isa = PBXGroup;
			children = (
				CD6DA46C2E64C9F400931348 /* File.swift */,
			);
			sourceTree = "<group>";
		};
/* End PBXGroup section */

/* Begin PBXProject section */
		CD6DA4662E64C9DC00931348 /* Project object */ = {
			isa = PBXProject;
			attributes = {
				BuildIndependentTargetsInParallel = 1;
				LastUpgradeCheck = 1640;
			};
			buildConfigurationList = CD6DA4692E64C9DC00931348 /* Build configuration list for PBXProject "hackswift" */;
			developmentRegion = en;
			hasScannedForEncodings = 0;
			knownRegions = (
				en,
				Base,
			);
			mainGroup = CD6DA4652E64C9DC00931348;
			minimizedProjectReferenceProxies = 1;
			preferredProjectObjectVersion = 77;
			projectDirPath = "";
			projectRoot = "";
			targets = (
			);
		};
/* End PBXProject section */

/* Begin XCBuildConfiguration section */
		CD6DA46A2E64C9DC00931348 /* Debug */ = {
			isa = XCBuildConfiguration;
			buildSettings = {
			};
			name = Debug;
		};
		CD6DA46B2E64C9DC00931348 /* Release */ = {
			isa = XCBuildConfiguration;
			buildSettings = {
			};
			name = Release;
		};
/* End XCBuildConfiguration section */

/* Begin XCConfigurationList section */
		CD6DA4692E64C9DC00931348 /* Build configuration list for PBXProject "hackswift" */ = {
			isa = XCConfigurationList;
			buildConfigurations = (
				CD6DA46A2E64C9DC00931348 /* Debug */,
				CD6DA46B2E64C9DC00931348 /* Release */,
			);
			defaultConfigurationIsVisible = 0;
			defaultConfigurationName = Release;
		};
/* End XCConfigurationList section */
	};
	rootObject = CD6DA4662E64C9DC00931348 /* Project object */;
}
